
Microsoft Visual Studio Solution File, Format Version 12.00
# Visual Studio 15
Project("{FAE04EC0-301F-11D3-BF4B-00C04F79EFBC}") = "UserStudyGUI", "UserStudyGUI\UserStudyGUI.csproj", "{3C5955CA-3D24-4F99-B9CD-88F92A4F2174}"
EndProject
Global
	GlobalSection(SolutionConfigurationPlatforms) = preSolution
		Debug|anycpu = Debug|anycpu
		Release|anycpu = Release|anycpu
	EndGlobalSection
	GlobalSection(ProjectConfigurationPlatforms) = postSolution
		{3C5955CA-3D24-4F99-B9CD-88F92A4F2174}.Debug|anycpu.ActiveCfg = Debug|anycpu
		{3C5955CA-3D24-4F99-B9CD-88F92A4F2174}.Debug|anycpu.Build.0 = Debug|anycpu
		{3C5955CA-3D24-4F99-B9CD-88F92A4F2174}.Release|anycpu.ActiveCfg = Release|anycpu
		{3C5955CA-3D24-4F99-B9CD-88F92A4F2174}.Release|anycpu.Build.0 = Release|anycpu
	EndGlobalSection
EndGlobal
